PODS:
  - Reachability (3.2)
  - shared (1.2.0)

DEPENDENCIES:
  - Reachability
  - shared (from `../shared/`)

SPEC REPOS:
  trunk:
    - Reachability

EXTERNAL SOURCES:
  shared:
    :path: "../shared/"

SPEC CHECKSUMS:
  Reachability: 33e18b67625424e47b6cde6d202dce689ad7af96
  shared: 72b66c12556f44ce1a3ad14a3e58d1d32fb8e48b

PODFILE CHECKSUM: a68f2a76f185354c10da6a9c12b5083ec4e79e2a

COCOAPODS: 1.11.3
